
Microsoft Visual Studio Solution File, Format Version 12.00
# Visual Studio Version 16
VisualStudioVersion = 16.0.30611.23
MinimumVisualStudioVersion = 10.0.40219.1
Project("{FAE04EC0-301F-11D3-BF4B-00C04F79EFBC}") = "IIG.BinaryFlag", "IIG.BinaryFlag\IIG.BinaryFlag.csproj", "{31F66863-26A4-4626-9566-BFFFEA52C1A7}"
EndProject
Project("{FAE04EC0-301F-11D3-BF4B-00C04F79EFBC}") = "IIG.Test.BinaryFlag", "IIG.Test.BinaryFlag\IIG.Test.BinaryFlag.csproj", "{5B80A2A0-75A7-4CDE-921F-7AB55A33FD1B}"
EndProject
Project("{FAE04EC0-301F-11D3-BF4B-00C04F79EFBC}") = "ConsoleApp1", "ConsoleApp1\ConsoleApp1.csproj", "{8A0F2F35-AA52-40BD-96A4-5F80F6C5448C}"
EndProject
Global
	GlobalSection(SolutionConfigurationPlatforms) = preSolution
		Debug|Any CPU = Debug|Any CPU
		Release|Any CPU = Release|Any CPU
	EndGlobalSection
	GlobalSection(ProjectConfigurationPlatforms) = postSolution
		{31F66863-26A4-4626-9566-BFFFEA52C1A7}.Debug|Any CPU.ActiveCfg = Debug|Any CPU
		{31F66863-26A4-4626-9566-BFFFEA52C1A7}.Debug|Any CPU.Build.0 = Debug|Any CPU
		{31F66863-26A4-4626-9566-BFFFEA52C1A7}.Release|Any CPU.ActiveCfg = Release|Any CPU
		{31F66863-26A4-4626-9566-BFFFEA52C1A7}.Release|Any CPU.Build.0 = Release|Any CPU
		{5B80A2A0-75A7-4CDE-921F-7AB55A33FD1B}.Debug|Any CPU.ActiveCfg = Debug|Any CPU
		{5B80A2A0-75A7-4CDE-921F-7AB55A33FD1B}.Debug|Any CPU.Build.0 = Debug|Any CPU
		{5B80A2A0-75A7-4CDE-921F-7AB55A33FD1B}.Release|Any CPU.ActiveCfg = Release|Any CPU
		{5B80A2A0-75A7-4CDE-921F-7AB55A33FD1B}.Release|Any CPU.Build.0 = Release|Any CPU
		{8A0F2F35-AA52-40BD-96A4-5F80F6C5448C}.Debug|Any CPU.ActiveCfg = Debug|Any CPU
		{8A0F2F35-AA52-40BD-96A4-5F80F6C5448C}.Debug|Any CPU.Build.0 = Debug|Any CPU
		{8A0F2F35-AA52-40BD-96A4-5F80F6C5448C}.Release|Any CPU.ActiveCfg = Release|Any CPU
		{8A0F2F35-AA52-40BD-96A4-5F80F6C5448C}.Release|Any CPU.Build.0 = Release|Any CPU
	EndGlobalSection
	GlobalSection(SolutionProperties) = preSolution
		HideSolutionNode = FALSE
	EndGlobalSection
	GlobalSection(ExtensibilityGlobals) = postSolution
		SolutionGuid = {A0FE3281-2EAA-4C66-BCF0-12C3A6C7241E}
	EndGlobalSection
EndGlobal
